
Microsoft Visual Studio Solution File, Format Version 12.00
# Visual Studio 15
VisualStudioVersion = 15.0.26403.7
MinimumVisualStudioVersion = 10.0.40219.1
Project("{2150E333-8FDC-42A3-9474-1A3956D46DE8}") = "Framework", "Framework", "{F2B59EE4-FB72-487A-88C0-49801FFDC89C}"
EndProject
Project("{FAE04EC0-301F-11D3-BF4B-00C04F79EFBC}") = "BussinessObject", "..\Framework\Outside\BussinessObject\BussinessObject.csproj", "{B9772B22-8C6E-49CE-92C1-4B5B541F0924}"
EndProject
Project("{FAE04EC0-301F-11D3-BF4B-00C04F79EFBC}") = "DataAccess", "..\Framework\Outside\DataAccess\DataAccess.csproj", "{E825D500-57CC-4D2E-885B-368A6E3CEE1E}"
EndProject
Project("{FAE04EC0-301F-11D3-BF4B-00C04F79EFBC}") = "EntitiesObject", "..\Framework\Outside\EntitiesObject\EntitiesObject.csproj", "{70248680-8EA1-42ED-B418-2880CBF774B0}"
EndProject
Project("{2150E333-8FDC-42A3-9474-1A3956D46DE8}") = "CommonLib", "CommonLib", "{5997809A-997D-4A97-81F0-69EFFCB106A9}"
EndProject
Project("{FAE04EC0-301F-11D3-BF4B-00C04F79EFBC}") = "Logger", "..\Framework\CommonLib\Logger\Logger.csproj", "{0A3F6882-0D95-485C-93CF-B5C69D20F09B}"
EndProject
Project("{FAE04EC0-301F-11D3-BF4B-00C04F79EFBC}") = "MyUtility", "..\Framework\CommonLib\MyUtility\MyUtility.csproj", "{D8D0B6F9-8542-4FDD-95B2-78B4F8E7C213}"
EndProject
Project("{FAE04EC0-301F-11D3-BF4B-00C04F79EFBC}") = "WebUtility", "..\Framework\CommonLib\WebUtility\WebUtility.csproj", "{F8A5C35A-0CA3-4C84-AC2E-0927214F1886}"
EndProject
Project("{FAE04EC0-301F-11D3-BF4B-00C04F79EFBC}") = "ResxLanguagesUtility", "..\Framework\CommonLib\ResxLanguagesUtility\ResxLanguagesUtility.csproj", "{C44E23C0-3A87-4A01-BC44-EA6310E42CD0}"
EndProject
Project("{FAE04EC0-301F-11D3-BF4B-00C04F79EFBC}") = "MyConfig", "MyConfig\MyConfig.csproj", "{BCFB0F50-3BF8-4309-B0DA-9FE00E0741FB}"
EndProject
Project("{FAE04EC0-301F-11D3-BF4B-00C04F79EFBC}") = "TanTamApi", "MobileApi\TanTamApi.csproj", "{0B4F8E41-EC96-417C-A7AC-759369FAA98B}"
EndProject
Global
	GlobalSection(SolutionConfigurationPlatforms) = preSolution
		Debug|Any CPU = Debug|Any CPU
		Release|Any CPU = Release|Any CPU
	EndGlobalSection
	GlobalSection(ProjectConfigurationPlatforms) = postSolution
		{B9772B22-8C6E-49CE-92C1-4B5B541F0924}.Debug|Any CPU.ActiveCfg = Debug|Any CPU
		{B9772B22-8C6E-49CE-92C1-4B5B541F0924}.Debug|Any CPU.Build.0 = Debug|Any CPU
		{B9772B22-8C6E-49CE-92C1-4B5B541F0924}.Release|Any CPU.ActiveCfg = Release|Any CPU
		{B9772B22-8C6E-49CE-92C1-4B5B541F0924}.Release|Any CPU.Build.0 = Release|Any CPU
		{E825D500-57CC-4D2E-885B-368A6E3CEE1E}.Debug|Any CPU.ActiveCfg = Debug|Any CPU
		{E825D500-57CC-4D2E-885B-368A6E3CEE1E}.Debug|Any CPU.Build.0 = Debug|Any CPU
		{E825D500-57CC-4D2E-885B-368A6E3CEE1E}.Release|Any CPU.ActiveCfg = Release|Any CPU
		{E825D500-57CC-4D2E-885B-368A6E3CEE1E}.Release|Any CPU.Build.0 = Release|Any CPU
		{70248680-8EA1-42ED-B418-2880CBF774B0}.Debug|Any CPU.ActiveCfg = Debug|Any CPU
		{70248680-8EA1-42ED-B418-2880CBF774B0}.Debug|Any CPU.Build.0 = Debug|Any CPU
		{70248680-8EA1-42ED-B418-2880CBF774B0}.Release|Any CPU.ActiveCfg = Release|Any CPU
		{70248680-8EA1-42ED-B418-2880CBF774B0}.Release|Any CPU.Build.0 = Release|Any CPU
		{0A3F6882-0D95-485C-93CF-B5C69D20F09B}.Debug|Any CPU.ActiveCfg = Debug|Any CPU
		{0A3F6882-0D95-485C-93CF-B5C69D20F09B}.Debug|Any CPU.Build.0 = Debug|Any CPU
		{0A3F6882-0D95-485C-93CF-B5C69D20F09B}.Release|Any CPU.ActiveCfg = Release|Any CPU
		{0A3F6882-0D95-485C-93CF-B5C69D20F09B}.Release|Any CPU.Build.0 = Release|Any CPU
		{D8D0B6F9-8542-4FDD-95B2-78B4F8E7C213}.Debug|Any CPU.ActiveCfg = Debug|Any CPU
		{D8D0B6F9-8542-4FDD-95B2-78B4F8E7C213}.Debug|Any CPU.Build.0 = Debug|Any CPU
		{D8D0B6F9-8542-4FDD-95B2-78B4F8E7C213}.Release|Any CPU.ActiveCfg = Release|Any CPU
		{D8D0B6F9-8542-4FDD-95B2-78B4F8E7C213}.Release|Any CPU.Build.0 = Release|Any CPU
		{F8A5C35A-0CA3-4C84-AC2E-0927214F1886}.Debug|Any CPU.ActiveCfg = Debug|Any CPU
		{F8A5C35A-0CA3-4C84-AC2E-0927214F1886}.Debug|Any CPU.Build.0 = Debug|Any CPU
		{F8A5C35A-0CA3-4C84-AC2E-0927214F1886}.Release|Any CPU.ActiveCfg = Release|Any CPU
		{F8A5C35A-0CA3-4C84-AC2E-0927214F1886}.Release|Any CPU.Build.0 = Release|Any CPU
		{C44E23C0-3A87-4A01-BC44-EA6310E42CD0}.Debug|Any CPU.ActiveCfg = Debug|Any CPU
		{C44E23C0-3A87-4A01-BC44-EA6310E42CD0}.Debug|Any CPU.Build.0 = Debug|Any CPU
		{C44E23C0-3A87-4A01-BC44-EA6310E42CD0}.Release|Any CPU.ActiveCfg = Release|Any CPU
		{C44E23C0-3A87-4A01-BC44-EA6310E42CD0}.Release|Any CPU.Build.0 = Release|Any CPU
		{BCFB0F50-3BF8-4309-B0DA-9FE00E0741FB}.Debug|Any CPU.ActiveCfg = Debug|Any CPU
		{BCFB0F50-3BF8-4309-B0DA-9FE00E0741FB}.Debug|Any CPU.Build.0 = Debug|Any CPU
		{BCFB0F50-3BF8-4309-B0DA-9FE00E0741FB}.Release|Any CPU.ActiveCfg = Release|Any CPU
		{BCFB0F50-3BF8-4309-B0DA-9FE00E0741FB}.Release|Any CPU.Build.0 = Release|Any CPU
		{0B4F8E41-EC96-417C-A7AC-759369FAA98B}.Debug|Any CPU.ActiveCfg = Debug|Any CPU
		{0B4F8E41-EC96-417C-A7AC-759369FAA98B}.Debug|Any CPU.Build.0 = Debug|Any CPU
		{0B4F8E41-EC96-417C-A7AC-759369FAA98B}.Release|Any CPU.ActiveCfg = Release|Any CPU
		{0B4F8E41-EC96-417C-A7AC-759369FAA98B}.Release|Any CPU.Build.0 = Release|Any CPU
	EndGlobalSection
	GlobalSection(SolutionProperties) = preSolution
		HideSolutionNode = FALSE
	EndGlobalSection
	GlobalSection(NestedProjects) = preSolution
		{B9772B22-8C6E-49CE-92C1-4B5B541F0924} = {F2B59EE4-FB72-487A-88C0-49801FFDC89C}
		{E825D500-57CC-4D2E-885B-368A6E3CEE1E} = {F2B59EE4-FB72-487A-88C0-49801FFDC89C}
		{70248680-8EA1-42ED-B418-2880CBF774B0} = {F2B59EE4-FB72-487A-88C0-49801FFDC89C}
		{0A3F6882-0D95-485C-93CF-B5C69D20F09B} = {5997809A-997D-4A97-81F0-69EFFCB106A9}
		{D8D0B6F9-8542-4FDD-95B2-78B4F8E7C213} = {5997809A-997D-4A97-81F0-69EFFCB106A9}
		{F8A5C35A-0CA3-4C84-AC2E-0927214F1886} = {5997809A-997D-4A97-81F0-69EFFCB106A9}
		{C44E23C0-3A87-4A01-BC44-EA6310E42CD0} = {F2B59EE4-FB72-487A-88C0-49801FFDC89C}
	EndGlobalSection
	GlobalSection(ExtensibilityGlobals) = postSolution
		SolutionGuid = {B3D0EB27-E334-4172-8059-2C71E82ABA6A}
	EndGlobalSection
EndGlobal
